
Microsoft Visual Studio Solution File, Format Version 12.00
# Visual Studio 2013
VisualStudioVersion = 12.0.30501.0
MinimumVisualStudioVersion = 10.0.40219.1
Project("{FAE04EC0-301F-11D3-BF4B-00C04F79EFBC}") = "CloudWebMVC", "CloudWebMVC\CloudWebMVC.csproj", "{01525AE2-FE4D-4C8B-9B52-7376BB7770B8}"
EndProject
Project("{FAE04EC0-301F-11D3-BF4B-00C04F79EFBC}") = "CloudModel", "CloudModel\CloudModel.csproj", "{35A9D0FF-3C95-45BF-9163-A50AE0F56A66}"
EndProject
Project("{FAE04EC0-301F-11D3-BF4B-00C04F79EFBC}") = "CloudBusinessLayer", "CloudBusinessLayer\CloudBusinessLayer.csproj", "{872EABB7-F853-4020-ABAD-6DDB78F63DBD}"
EndProject
Global
	GlobalSection(SolutionConfigurationPlatforms) = preSolution
		Debug|Any CPU = Debug|Any CPU
		Release|Any CPU = Release|Any CPU
	EndGlobalSection
	GlobalSection(ProjectConfigurationPlatforms) = postSolution
		{01525AE2-FE4D-4C8B-9B52-7376BB7770B8}.Debug|Any CPU.ActiveCfg = Debug|Any CPU
		{01525AE2-FE4D-4C8B-9B52-7376BB7770B8}.Debug|Any CPU.Build.0 = Debug|Any CPU
		{01525AE2-FE4D-4C8B-9B52-7376BB7770B8}.Release|Any CPU.ActiveCfg = Release|Any CPU
		{01525AE2-FE4D-4C8B-9B52-7376BB7770B8}.Release|Any CPU.Build.0 = Release|Any CPU
		{35A9D0FF-3C95-45BF-9163-A50AE0F56A66}.Debug|Any CPU.ActiveCfg = Debug|Any CPU
		{35A9D0FF-3C95-45BF-9163-A50AE0F56A66}.Debug|Any CPU.Build.0 = Debug|Any CPU
		{35A9D0FF-3C95-45BF-9163-A50AE0F56A66}.Release|Any CPU.ActiveCfg = Release|Any CPU
		{35A9D0FF-3C95-45BF-9163-A50AE0F56A66}.Release|Any CPU.Build.0 = Release|Any CPU
		{872EABB7-F853-4020-ABAD-6DDB78F63DBD}.Debug|Any CPU.ActiveCfg = Debug|Any CPU
		{872EABB7-F853-4020-ABAD-6DDB78F63DBD}.Debug|Any CPU.Build.0 = Debug|Any CPU
		{872EABB7-F853-4020-ABAD-6DDB78F63DBD}.Release|Any CPU.ActiveCfg = Release|Any CPU
		{872EABB7-F853-4020-ABAD-6DDB78F63DBD}.Release|Any CPU.Build.0 = Release|Any CPU
	EndGlobalSection
	GlobalSection(SolutionProperties) = preSolution
		HideSolutionNode = FALSE
	EndGlobalSection
EndGlobal
